// !$*UTF8*$!
{
	archiveVersion = 1;
	classes = {
	};
	objectVersion = 56;
	objects = {

/* Begin PBXBuildFile section */
		146EBB822A40CCC900E4A2B3 /* AppDelegate.swift in Sources */ = {isa = PBXBuildFile; fileRef = 146EBB812A40CCC900E4A2B3 /* AppDelegate.swift */; };
		146EBB842A40CCC900E4A2B3 /* SceneDelegate.swift in Sources */ = {isa = PBXBuildFile; fileRef = 146EBB832A40CCC900E4A2B3 /* SceneDelegate.swift */; };
		146EBB862A40CCC900E4A2B3 /* ViewController.swift in Sources */ = {isa = PBXBuildFile; fileRef = 146EBB852A40CCC900E4A2B3 /* ViewController.swift */; };
		146EBB8B2A40CCCE00E4A2B3 /* Assets.xcassets in Resources */ = {isa = PBXBuildFile; fileRef = 146EBB8A2A40CCCE00E4A2B3 /* Assets.xcassets */; };
		146EBB8E2A40CCCE00E4A2B3 /* LaunchScreen.storyboard in Resources */ = {isa = PBXBuildFile; fileRef = 146EBB8C2A40CCCE00E4A2B3 /* LaunchScreen.storyboard */; };
		146EBB992A40CCCE00E4A2B3 /* ios_templateTests.swift in Sources */ = {isa = PBXBuildFile; fileRef = 146EBB982A40CCCE00E4A2B3 /* ios_templateTests.swift */; };
		146EBBA32A40CCCE00E4A2B3 /* ios_templateUITests.swift in Sources */ = {isa = PBXBuildFile; fileRef = 146EBBA22A40CCCE00E4A2B3 /* ios_templateUITests.swift */; };
		146EBBA52A40CCCE00E4A2B3 /* ios_templateUITestsLaunchTests.swift in Sources */ = {isa = PBXBuildFile; fileRef = 146EBBA42A40CCCE00E4A2B3 /* ios_templateUITestsLaunchTests.swift */; };
		AA0000000000000000000002 /* PythonRuntime.swift in Sources */ = {isa = PBXBuildFile; fileRef = AA0000000000000000000001 /* PythonRuntime.swift */; };
		AA0000000000000000000004 /* Python.xcframework in Frameworks */ = {isa = PBXBuildFile; fileRef = AA0000000000000000000003 /* Python.xcframework */; };
		AA0000000000000000000005 /* Python.xcframework in Embed Frameworks */ = {isa = PBXBuildFile; fileRef = AA0000000000000000000003 /* Python.xcframework */; settings = {ATTRIBUTES = (CodeSignOnCopy, RemoveHeadersOnCopy, ); }; };
		AA0000000000000000000007 /* app in Resources */ = {isa = PBXBuildFile; fileRef = AA0000000000000000000006 /* app */; };
		AA0000000000000000000009 /* app_packages in Resources */ = {isa = PBXBuildFile; fileRef = AA0000000000000000000008 /* app_packages */; };
/* End PBXBuildFile section */

/* Begin PBXContainerItemProxy section */
		146EBB952A40CCCE00E4A2B3 /* PBXContainerItemProxy */ = {
			isa = PBXContainerItemProxy;
			containerPortal = 146EBB762A40CCC900E4A2B3 /* Project object */;
			proxyType = 1;
			remoteGlobalIDString = 146EBB7D2A40CCC900E4A2B3;
			remoteInfo = ios_template;
		};
		146EBB9F2A40CCCE00E4A2B3 /* PBXContainerItemProxy */ = {
			isa = PBXContainerItemProxy;
			containerPortal = 146EBB762A40CCC900E4A2B3 /* Project object */;
			proxyType = 1;
			remoteGlobalIDString = 146EBB7D2A40CCC900E4A2B3;
			remoteInfo = ios_template;
		};
/* End PBXContainerItemProxy section */

/* Begin PBXFileReference section */
		146EBB7E2A40CCC900E4A2B3 /* ios_template.app */ = {isa = PBXFileReference; explicitFileType = wrapper.application; includeInIndex = 0; path = ios_template.app; sourceTree = BUILT_PRODUCTS_DIR; };
		146EBB812A40CCC900E4A2B3 /* AppDelegate.swift */ = {isa = PBXFileReference; lastKnownFileType = sourcecode.swift; path = AppDelegate.swift; sourceTree = "<group>"; };
		146EBB832A40CCC900E4A2B3 /* SceneDelegate.swift */ = {isa = PBXFileReference; lastKnownFileType = sourcecode.swift; path = SceneDelegate.swift; sourceTree = "<group>"; };
		146EBB852A40CCC900E4A2B3 /* ViewController.swift */ = {isa = PBXFileReference; lastKnownFileType = sourcecode.swift; path = ViewController.swift; sourceTree = "<group>"; };
		146EBB8A2A40CCCE00E4A2B3 /* Assets.xcassets */ = {isa = PBXFileReference; lastKnownFileType = folder.assetcatalog; path = Assets.xcassets; sourceTree = "<group>"; };
		146EBB8D2A40CCCE00E4A2B3 /* Base */ = {isa = PBXFileReference; lastKnownFileType = file.storyboard; name = Base; path = Base.lproj/LaunchScreen.storyboard; sourceTree = "<group>"; };
		146EBB8F2A40CCCE00E4A2B3 /* Info.plist */ = {isa = PBXFileReference; lastKnownFileType = text.plist.xml; path = Info.plist; sourceTree = "<group>"; };
		146EBB942A40CCCE00E4A2B3 /* ios_templateTests.xctest */ = {isa = PBXFileReference; explicitFileType = wrapper.cfbundle; includeInIndex = 0; path = ios_templateTests.xctest; sourceTree = BUILT_PRODUCTS_DIR; };
		146EBB982A40CCCE00E4A2B3 /* ios_templateTests.swift */ = {isa = PBXFileReference; lastKnownFileType = sourcecode.swift; path = ios_templateTests.swift; sourceTree = "<group>"; };
		146EBB9E2A40CCCE00E4A2B3 /* ios_templateUITests.xctest */ = {isa = PBXFileReference; explicitFileType = wrapper.cfbundle; includeInIndex = 0; path = ios_templateUITests.xctest; sourceTree = BUILT_PRODUCTS_DIR; };
		146EBBA22A40CCCE00E4A2B3 /* ios_templateUITests.swift */ = {isa = PBXFileReference; lastKnownFileType = sourcecode.swift; path = ios_templateUITests.swift; sourceTree = "<group>"; };
		146EBBA42A40CCCE00E4A2B3 /* ios_templateUITestsLaunchTests.swift */ = {isa = PBXFileReference; lastKnownFileType = sourcecode.swift; path = ios_templateUITestsLaunchTests.swift; sourceTree = "<group>"; };
		AA0000000000000000000001 /* PythonRuntime.swift */ = {isa = PBXFileReference; lastKnownFileType = sourcecode.swift; path = PythonRuntime.swift; sourceTree = "<group>"; };
		AA0000000000000000000003 /* Python.xcframework */ = {isa = PBXFileReference; lastKnownFileType = wrapper.xcframework; path = Python.xcframework; sourceTree = "<group>"; };
		AA0000000000000000000006 /* app */ = {isa = PBXFileReference; lastKnownFileType = folder; path = app; sourceTree = "<group>"; };
		AA0000000000000000000008 /* app_packages */ = {isa = PBXFileReference; lastKnownFileType = folder; path = app_packages; sourceTree = "<group>"; };
		AA000000000000000000000B /* BridgingHeader.h */ = {isa = PBXFileReference; lastKnownFileType = sourcecode.c.h; path = BridgingHeader.h; sourceTree = "<group>"; };
/* End PBXFileReference section */

/* Begin PBXFrameworksBuildPhase section */
		146EBB7B2A40CCC900E4A2B3 /* Frameworks */ = {
			isa = PBXFrameworksBuildPhase;
			buildActionMask = 2147483647;
			files = (
				AA0000000000000000000004 /* Python.xcframework in Frameworks */,
			);
			runOnlyForDeploymentPostprocessing = 0;
		};
		146EBB912A40CCCE00E4A2B3 /* Frameworks */ = {
			isa = PBXFrameworksBuildPhase;
			buildActionMask = 2147483647;
			files = (
			);
			runOnlyForDeploymentPostprocessing = 0;
		};
		146EBB9B2A40CCCE00E4A2B3 /* Frameworks */ = {
			isa = PBXFrameworksBuildPhase;
			buildActionMask = 2147483647;
			files = (
			);
			runOnlyForDeploymentPostprocessing = 0;
		};
/* End PBXFrameworksBuildPhase section */

/* Begin PBXGroup section */
		146EBB752A40CCC900E4A2B3 = {
			isa = PBXGroup;
			children = (
				146EBB802A40CCC900E4A2B3 /* ios_template */,
				146EBB972A40CCCE00E4A2B3 /* ios_templateTests */,
				146EBBA12A40CCCE00E4A2B3 /* ios_templateUITests */,
				AA0000000000000000000003 /* Python.xcframework */,
				AA0000000000000000000006 /* app */,
				AA0000000000000000000008 /* app_packages */,
				146EBB7F2A40CCC900E4A2B3 /* Products */,
			);
			sourceTree = "<group>";
		};
		146EBB7F2A40CCC900E4A2B3 /* Products */ = {
			isa = PBXGroup;
			children = (
				146EBB7E2A40CCC900E4A2B3 /* ios_template.app */,
				146EBB942A40CCCE00E4A2B3 /* ios_templateTests.xctest */,
				146EBB9E2A40CCCE00E4A2B3 /* ios_templateUITests.xctest */,
			);
			name = Products;
			sourceTree = "<group>";
		};
		146EBB802A40CCC900E4A2B3 /* ios_template */ = {
			isa = PBXGroup;
			children = (
				146EBB812A40CCC900E4A2B3 /* AppDelegate.swift */,
				146EBB832A40CCC900E4A2B3 /* SceneDelegate.swift */,
				146EBB852A40CCC900E4A2B3 /* ViewController.swift */,
				AA0000000000000000000001 /* PythonRuntime.swift */,
				AA000000000000000000000B /* BridgingHeader.h */,
				146EBB8A2A40CCCE00E4A2B3 /* Assets.xcassets */,
				146EBB8C2A40CCCE00E4A2B3 /* LaunchScreen.storyboard */,
				146EBB8F2A40CCCE00E4A2B3 /* Info.plist */,
			);
			path = ios_template;
			sourceTree = "<group>";
		};
		146EBB972A40CCCE00E4A2B3 /* ios_templateTests */ = {
			isa = PBXGroup;
			children = (
				146EBB982A40CCCE00E4A2B3 /* ios_templateTests.swift */,
			);
			path = ios_templateTests;
			sourceTree = "<group>";
		};
		146EBBA12A40CCCE00E4A2B3 /* ios_templateUITests */ = {
			isa = PBXGroup;
			children = (
				146EBBA22A40CCCE00E4A2B3 /* ios_templateUITests.swift */,
				146EBBA42A40CCCE00E4A2B3 /* ios_templateUITestsLaunchTests.swift */,
			);
			path = ios_templateUITests;
			sourceTree = "<group>";
		};
/* End PBXGroup section */

/* Begin PBXNativeTarget section */
		146EBB7D2A40CCC900E4A2B3 /* ios_template */ = {
			isa = PBXNativeTarget;
			buildConfigurationList = 146EBBA82A40CCCE00E4A2B3 /* Build configuration list for PBXNativeTarget "ios_template" */;
			buildPhases = (
				146EBB7A2A40CCC900E4A2B3 /* Sources */,
				146EBB7B2A40CCC900E4A2B3 /* Frameworks */,
				146EBB7C2A40CCC900E4A2B3 /* Resources */,
				AA000000000000000000000A /* Install Python runtime */,
				146EBC002A40CCCE00E4A2B3 /* Embed Frameworks */,
			);
			buildRules = (
			);
			dependencies = (
			);
			name = ios_template;
			productName = ios_template;
			productReference = 146EBB7E2A40CCC900E4A2B3 /* ios_template.app */;
			productType = "com.apple.product-type.application";
		};
		146EBB932A40CCCE00E4A2B3 /* ios_templateTests */ = {
			isa = PBXNativeTarget;
			buildConfigurationList = 146EBBAB2A40CCCE00E4A2B3 /* Build configuration list for PBXNativeTarget "ios_templateTests" */;
			buildPhases = (
				146EBB902A40CCCE00E4A2B3 /* Sources */,
				146EBB912A40CCCE00E4A2B3 /* Frameworks */,
				146EBB922A40CCCE00E4A2B3 /* Resources */,
			);
			buildRules = (
			);
			dependencies = (
				146EBB962A40CCCE00E4A2B3 /* PBXTargetDependency */,
			);
			name = ios_templateTests;
			productName = ios_templateTests;
			productReference = 146EBB942A40CCCE00E4A2B3 /* ios_templateTests.xctest */;
			productType = "com.apple.product-type.bundle.unit-test";
		};
		146EBB9D2A40CCCE00E4A2B3 /* ios_templateUITests */ = {
			isa = PBXNativeTarget;
			buildConfigurationList = 146EBBAE2A40CCCE00E4A2B3 /* Build configuration list for PBXNativeTarget "ios_templateUITests" */;
			buildPhases = (
				146EBB9A2A40CCCE00E4A2B3 /* Sources */,
				146EBB9B2A40CCCE00E4A2B3 /* Frameworks */,
				146EBB9C2A40CCCE00E4A2B3 /* Resources */,
			);
			buildRules = (
			);
			dependencies = (
				146EBBA02A40CCCE00E4A2B3 /* PBXTargetDependency */,
			);
			name = ios_templateUITests;
			productName = ios_templateUITests;
			productReference = 146EBB9E2A40CCCE00E4A2B3 /* ios_templateUITests.xctest */;
			productType = "com.apple.product-type.bundle.ui-testing";
		};
/* End PBXNativeTarget section */

/* Begin PBXProject section */
		146EBB762A40CCC900E4A2B3 /* Project object */ = {
			isa = PBXProject;
			attributes = {
				BuildIndependentTargetsInParallel = 1;
				LastSwiftUpdateCheck = 1430;
				LastUpgradeCheck = 1430;
				TargetAttributes = {
					146EBB7D2A40CCC900E4A2B3 = {
						CreatedOnToolsVersion = 14.3.1;
					};
					146EBB932A40CCCE00E4A2B3 = {
						CreatedOnToolsVersion = 14.3.1;
						TestTargetID = 146EBB7D2A40CCC900E4A2B3;
					};
					146EBB9D2A40CCCE00E4A2B3 = {
						CreatedOnToolsVersion = 14.3.1;
						TestTargetID = 146EBB7D2A40CCC900E4A2B3;
					};
				};
			};
			buildConfigurationList = 146EBB792A40CCC900E4A2B3 /* Build configuration list for PBXProject "ios_template" */;
			compatibilityVersion = "Xcode 14.0";
			developmentRegion = en;
			hasScannedForEncodings = 0;
			knownRegions = (
				en,
				Base,
			);
			mainGroup = 146EBB752A40CCC900E4A2B3;
			productRefGroup = 146EBB7F2A40CCC900E4A2B3 /* Products */;
			projectDirPath = "";
			projectRoot = "";
			targets = (
				146EBB7D2A40CCC900E4A2B3 /* ios_template */,
				146EBB932A40CCCE00E4A2B3 /* ios_templateTests */,
				146EBB9D2A40CCCE00E4A2B3 /* ios_templateUITests */,
			);
		};
/* End PBXProject section */

/* Begin PBXCopyFilesBuildPhase section */
		146EBC002A40CCCE00E4A2B3 /* Embed Frameworks */ = {
			isa = PBXCopyFilesBuildPhase;
			buildActionMask = 2147483647;
			dstPath = "";
			dstSubfolderSpec = 10;
			files = (
				AA0000000000000000000005 /* Python.xcframework in Embed Frameworks */,
			);
			name = "Embed Frameworks";
			runOnlyForDeploymentPostprocessing = 0;
		};
/* End PBXCopyFilesBuildPhase section */

/* Begin PBXResourcesBuildPhase section */
		146EBB7C2A40CCC900E4A2B3 /* Resources */ = {
			isa = PBXResourcesBuildPhase;
			buildActionMask = 2147483647;
			files = (
				146EBB8E2A40CCCE00E4A2B3 /* LaunchScreen.storyboard in Resources */,
				146EBB8B2A40CCCE00E4A2B3 /* Assets.xcassets in Resources */,
				AA0000000000000000000007 /* app in Resources */,
				AA0000000000000000000009 /* app_packages in Resources */,
			);
			runOnlyForDeploymentPostprocessing = 0;
		};
		146EBB922A40CCCE00E4A2B3 /* Resources */ = {
			isa = PBXResourcesBuildPhase;
			buildActionMask = 2147483647;
			files = (
			);
			runOnlyForDeploymentPostprocessing = 0;
		};
		146EBB9C2A40CCCE00E4A2B3 /* Resources */ = {
			isa = PBXResourcesBuildPhase;
			buildActionMask = 2147483647;
			files = (
			);
			runOnlyForDeploymentPostprocessing = 0;
		};
/* End PBXResourcesBuildPhase section */

/* Begin PBXShellScriptBuildPhase section */
		AA000000000000000000000A /* Install Python runtime */ = {
			isa = PBXShellScriptBuildPhase;
			alwaysOutOfDate = 1;
			buildActionMask = 2147483647;
			files = (
			);
			inputFileListPaths = (
			);
			inputPaths = (
			);
			name = "Install Python runtime";
			outputFileListPaths = (
			);
			outputPaths = (
			);
			runOnlyForDeploymentPostprocessing = 0;
			shellPath = /bin/sh;
			shellScript = "set -e\nif [ ! -d \"$PROJECT_DIR/Python.xcframework\" ]; then\n    echo \"error: Python.xcframework is missing from the project. Build with 'pn run ios' or 'pn build ios' so the PythonNative CLI links the embedded runtime; the raw template cannot be built directly.\"\n    exit 1\nfi\nif [ ! -d \"$PROJECT_DIR/app\" ] || [ ! -d \"$PROJECT_DIR/app_packages\" ]; then\n    echo \"error: app/ or app_packages/ has not been staged. Build with 'pn run ios' or 'pn build ios' so the PythonNative CLI stages the Python sources.\"\n    exit 1\nfi\nif [ ! -d \"$PROJECT_DIR/app_packages/pythonnative\" ]; then\n    echo \"error: the pythonnative package is missing from app_packages/. Re-run 'pn run ios' or 'pn build ios'.\"\n    exit 1\nfi\nsource \"$PROJECT_DIR/Python.xcframework/build/utils.sh\"\ninstall_python Python.xcframework app app_packages\n";
			showEnvVarsInLog = 0;
		};
/* End PBXShellScriptBuildPhase section */

/* Begin PBXSourcesBuildPhase section */
		146EBB7A2A40CCC900E4A2B3 /* Sources */ = {
			isa = PBXSourcesBuildPhase;
			buildActionMask = 2147483647;
			files = (
				146EBB862A40CCC900E4A2B3 /* ViewController.swift in Sources */,
				AA0000000000000000000002 /* PythonRuntime.swift in Sources */,
				146EBB822A40CCC900E4A2B3 /* AppDelegate.swift in Sources */,
				146EBB842A40CCC900E4A2B3 /* SceneDelegate.swift in Sources */,
			);
			runOnlyForDeploymentPostprocessing = 0;
		};
		146EBB902A40CCCE00E4A2B3 /* Sources */ = {
			isa = PBXSourcesBuildPhase;
			buildActionMask = 2147483647;
			files = (
				146EBB992A40CCCE00E4A2B3 /* ios_templateTests.swift in Sources */,
			);
			runOnlyForDeploymentPostprocessing = 0;
		};
		146EBB9A2A40CCCE00E4A2B3 /* Sources */ = {
			isa = PBXSourcesBuildPhase;
			buildActionMask = 2147483647;
			files = (
				146EBBA52A40CCCE00E4A2B3 /* ios_templateUITestsLaunchTests.swift in Sources */,
				146EBBA32A40CCCE00E4A2B3 /* ios_templateUITests.swift in Sources */,
			);
			runOnlyForDeploymentPostprocessing = 0;
		};
/* End PBXSourcesBuildPhase section */

/* Begin PBXTargetDependency section */
		146EBB962A40CCCE00E4A2B3 /* PBXTargetDependency */ = {
			isa = PBXTargetDependency;
			target = 146EBB7D2A40CCC900E4A2B3 /* ios_template */;
			targetProxy = 146EBB952A40CCCE00E4A2B3 /* PBXContainerItemProxy */;
		};
		146EBBA02A40CCCE00E4A2B3 /* PBXTargetDependency */ = {
			isa = PBXTargetDependency;
			target = 146EBB7D2A40CCC900E4A2B3 /* ios_template */;
			targetProxy = 146EBB9F2A40CCCE00E4A2B3 /* PBXContainerItemProxy */;
		};
/* End PBXTargetDependency section */

/* Begin PBXVariantGroup section */
		146EBB8C2A40CCCE00E4A2B3 /* LaunchScreen.storyboard */ = {
			isa = PBXVariantGroup;
			children = (
				146EBB8D2A40CCCE00E4A2B3 /* Base */,
			);
			name = LaunchScreen.storyboard;
			sourceTree = "<group>";
		};
/* End PBXVariantGroup section */

/* Begin XCBuildConfiguration section */
		146EBBA62A40CCCE00E4A2B3 /* Debug */ = {
			isa = XCBuildConfiguration;
			buildSettings = {
				ALWAYS_SEARCH_USER_PATHS = NO;
				CLANG_ANALYZER_NONNULL = YES;
				CLANG_ANALYZER_NUMBER_OBJECT_CONVERSION = YES_AGGRESSIVE;
				CLANG_CXX_LANGUAGE_STANDARD = "gnu++20";
				CLANG_ENABLE_MODULES = YES;
				CLANG_ENABLE_OBJC_ARC = YES;
				CLANG_ENABLE_OBJC_WEAK = YES;
				CLANG_WARN_BLOCK_CAPTURE_AUTORELEASING = YES;
				CLANG_WARN_BOOL_CONVERSION = YES;
				CLANG_WARN_COMMA = YES;
				CLANG_WARN_CONSTANT_CONVERSION = YES;
				CLANG_WARN_DEPRECATED_OBJC_IMPLEMENTATIONS = YES;
				CLANG_WARN_DIRECT_OBJC_ISA_USAGE = YES_ERROR;
				CLANG_WARN_DOCUMENTATION_COMMENTS = YES;
				CLANG_WARN_EMPTY_BODY = YES;
				CLANG_WARN_ENUM_CONVERSION = YES;
				CLANG_WARN_INFINITE_RECURSION = YES;
				CLANG_WARN_INT_CONVERSION = YES;
				CLANG_WARN_NON_LITERAL_NULL_CONVERSION = YES;
				CLANG_WARN_OBJC_IMPLICIT_RETAIN_SELF = YES;
				CLANG_WARN_OBJC_LITERAL_CONVERSION = YES;
				CLANG_WARN_OBJC_ROOT_CLASS = YES_ERROR;
				CLANG_WARN_QUOTED_INCLUDE_IN_FRAMEWORK_HEADER = YES;
				CLANG_WARN_RANGE_LOOP_ANALYSIS = YES;
				CLANG_WARN_STRICT_PROTOTYPES = YES;
				CLANG_WARN_SUSPICIOUS_MOVE = YES;
				CLANG_WARN_UNGUARDED_AVAILABILITY = YES_AGGRESSIVE;
				CLANG_WARN_UNREACHABLE_CODE = YES;
				CLANG_WARN__DUPLICATE_METHOD_MATCH = YES;
				COPY_PHASE_STRIP = NO;
				DEBUG_INFORMATION_FORMAT = dwarf;
				ENABLE_STRICT_OBJC_MSGSEND = YES;
				ENABLE_TESTABILITY = YES;
				GCC_C_LANGUAGE_STANDARD = gnu11;
				GCC_DYNAMIC_NO_PIC = NO;
				GCC_NO_COMMON_BLOCKS = YES;
				GCC_OPTIMIZATION_LEVEL = 0;
				GCC_PREPROCESSOR_DEFINITIONS = (
					"DEBUG=1",
					"$(inherited)",
				);
				GCC_WARN_64_TO_32_BIT_CONVERSION = YES;
				GCC_WARN_ABOUT_RETURN_TYPE = YES_ERROR;
				GCC_WARN_UNDECLARED_SELECTOR = YES;
				GCC_WARN_UNINITIALIZED_AUTOS = YES_AGGRESSIVE;
				GCC_WARN_UNUSED_FUNCTION = YES;
				GCC_WARN_UNUSED_VARIABLE = YES;
				IPHONEOS_DEPLOYMENT_TARGET = 16.4;
				MTL_ENABLE_DEBUG_INFO = INCLUDE_SOURCE;
				MTL_FAST_MATH = YES;
				ONLY_ACTIVE_ARCH = YES;
				SDKROOT = iphoneos;
				SWIFT_ACTIVE_COMPILATION_CONDITIONS = DEBUG;
				SWIFT_OPTIMIZATION_LEVEL = "-Onone";
			};
			name = Debug;
		};
		146EBBA72A40CCCE00E4A2B3 /* Release */ = {
			isa = XCBuildConfiguration;
			buildSettings = {
				ALWAYS_SEARCH_USER_PATHS = NO;
				CLANG_ANALYZER_NONNULL = YES;
				CLANG_ANALYZER_NUMBER_OBJECT_CONVERSION = YES_AGGRESSIVE;
				CLANG_CXX_LANGUAGE_STANDARD = "gnu++20";
				CLANG_ENABLE_MODULES = YES;
				CLANG_ENABLE_OBJC_ARC = YES;
				CLANG_ENABLE_OBJC_WEAK = YES;
				CLANG_WARN_BLOCK_CAPTURE_AUTORELEASING = YES;
				CLANG_WARN_BOOL_CONVERSION = YES;
				CLANG_WARN_COMMA = YES;
				CLANG_WARN_CONSTANT_CONVERSION = YES;
				CLANG_WARN_DEPRECATED_OBJC_IMPLEMENTATIONS = YES;
				CLANG_WARN_DIRECT_OBJC_ISA_USAGE = YES_ERROR;
				CLANG_WARN_DOCUMENTATION_COMMENTS = YES;
				CLANG_WARN_EMPTY_BODY = YES;
				CLANG_WARN_ENUM_CONVERSION = YES;
				CLANG_WARN_INFINITE_RECURSION = YES;
				CLANG_WARN_INT_CONVERSION = YES;
				CLANG_WARN_NON_LITERAL_NULL_CONVERSION = YES;
				CLANG_WARN_OBJC_IMPLICIT_RETAIN_SELF = YES;
				CLANG_WARN_OBJC_LITERAL_CONVERSION = YES;
				CLANG_WARN_OBJC_ROOT_CLASS = YES_ERROR;
				CLANG_WARN_QUOTED_INCLUDE_IN_FRAMEWORK_HEADER = YES;
				CLANG_WARN_RANGE_LOOP_ANALYSIS = YES;
				CLANG_WARN_STRICT_PROTOTYPES = YES;
				CLANG_WARN_SUSPICIOUS_MOVE = YES;
				CLANG_WARN_UNGUARDED_AVAILABILITY = YES_AGGRESSIVE;
				CLANG_WARN_UNREACHABLE_CODE = YES;
				CLANG_WARN__DUPLICATE_METHOD_MATCH = YES;
				COPY_PHASE_STRIP = NO;
				DEBUG_INFORMATION_FORMAT = "dwarf-with-dsym";
				ENABLE_NS_ASSERTIONS = NO;
				ENABLE_STRICT_OBJC_MSGSEND = YES;
				GCC_C_LANGUAGE_STANDARD = gnu11;
				GCC_NO_COMMON_BLOCKS = YES;
				GCC_WARN_64_TO_32_BIT_CONVERSION = YES;
				GCC_WARN_ABOUT_RETURN_TYPE = YES_ERROR;
				GCC_WARN_UNDECLARED_SELECTOR = YES;
				GCC_WARN_UNINITIALIZED_AUTOS = YES_AGGRESSIVE;
				GCC_WARN_UNUSED_FUNCTION = YES;
				GCC_WARN_UNUSED_VARIABLE = YES;
				IPHONEOS_DEPLOYMENT_TARGET = 16.4;
				MTL_ENABLE_DEBUG_INFO = NO;
				MTL_FAST_MATH = YES;
				SDKROOT = iphoneos;
				SWIFT_COMPILATION_MODE = wholemodule;
				SWIFT_OPTIMIZATION_LEVEL = "-O";
				VALIDATE_PRODUCT = YES;
			};
			name = Release;
		};
		146EBBA92A40CCCE00E4A2B3 /* Debug */ = {
			isa = XCBuildConfiguration;
			buildSettings = {
				ASSETCATALOG_COMPILER_APPICON_NAME = AppIcon;
				ASSETCATALOG_COMPILER_GLOBAL_ACCENT_COLOR_NAME = AccentColor;
				CLANG_ENABLE_MODULES = NO;
				CODE_SIGN_STYLE = Automatic;
				CURRENT_PROJECT_VERSION = 1;
				DEVELOPMENT_TEAM = "";
				"FRAMEWORK_SEARCH_PATHS[sdk=iphoneos*]" = (
					"$(inherited)",
					"$(PROJECT_DIR)/Python.xcframework/ios-arm64",
				);
				"FRAMEWORK_SEARCH_PATHS[sdk=iphonesimulator*]" = (
					"$(inherited)",
					"$(PROJECT_DIR)/Python.xcframework/ios-arm64_x86_64-simulator",
				);
				GENERATE_INFOPLIST_FILE = YES;
				INFOPLIST_FILE = ios_template/Info.plist;
				INFOPLIST_KEY_UIApplicationSupportsIndirectInputEvents = YES;
				INFOPLIST_KEY_UILaunchStoryboardName = LaunchScreen;
				INFOPLIST_KEY_UISupportedInterfaceOrientations_iPad = "UIInterfaceOrientationPortrait UIInterfaceOrientationPortraitUpsideDown UIInterfaceOrientationLandscapeLeft UIInterfaceOrientationLandscapeRight";
				INFOPLIST_KEY_UISupportedInterfaceOrientations_iPhone = "UIInterfaceOrientationPortrait UIInterfaceOrientationLandscapeLeft UIInterfaceOrientationLandscapeRight";
				LD_RUNPATH_SEARCH_PATHS = (
					"$(inherited)",
					"@executable_path/Frameworks",
				);
				MARKETING_VERSION = 1.0;
				PRODUCT_BUNDLE_IDENTIFIER = "com.pythonnative.ios-template";
				PRODUCT_NAME = "$(TARGET_NAME)";
				SWIFT_EMIT_LOC_STRINGS = YES;
				SWIFT_OBJC_BRIDGING_HEADER = "ios_template/BridgingHeader.h";
				SWIFT_PRECOMPILE_BRIDGING_HEADER = NO;
				SWIFT_VERSION = 5.0;
				TARGETED_DEVICE_FAMILY = "1,2";
			};
			name = Debug;
		};
		146EBBAA2A40CCCE00E4A2B3 /* Release */ = {
			isa = XCBuildConfiguration;
			buildSettings = {
				ASSETCATALOG_COMPILER_APPICON_NAME = AppIcon;
				ASSETCATALOG_COMPILER_GLOBAL_ACCENT_COLOR_NAME = AccentColor;
				CLANG_ENABLE_MODULES = NO;
				CODE_SIGN_STYLE = Automatic;
				CURRENT_PROJECT_VERSION = 1;
				DEVELOPMENT_TEAM = "";
				"FRAMEWORK_SEARCH_PATHS[sdk=iphoneos*]" = (
					"$(inherited)",
					"$(PROJECT_DIR)/Python.xcframework/ios-arm64",
				);
				"FRAMEWORK_SEARCH_PATHS[sdk=iphonesimulator*]" = (
					"$(inherited)",
					"$(PROJECT_DIR)/Python.xcframework/ios-arm64_x86_64-simulator",
				);
				GENERATE_INFOPLIST_FILE = YES;
				INFOPLIST_FILE = ios_template/Info.plist;
				INFOPLIST_KEY_UIApplicationSupportsIndirectInputEvents = YES;
				INFOPLIST_KEY_UILaunchStoryboardName = LaunchScreen;
				INFOPLIST_KEY_UISupportedInterfaceOrientations_iPad = "UIInterfaceOrientationPortrait UIInterfaceOrientationPortraitUpsideDown UIInterfaceOrientationLandscapeLeft UIInterfaceOrientationLandscapeRight";
				INFOPLIST_KEY_UISupportedInterfaceOrientations_iPhone = "UIInterfaceOrientationPortrait UIInterfaceOrientationLandscapeLeft UIInterfaceOrientationLandscapeRight";
				LD_RUNPATH_SEARCH_PATHS = (
					"$(inherited)",
					"@executable_path/Frameworks",
				);
				MARKETING_VERSION = 1.0;
				PRODUCT_BUNDLE_IDENTIFIER = "com.pythonnative.ios-template";
				PRODUCT_NAME = "$(TARGET_NAME)";
				SWIFT_EMIT_LOC_STRINGS = YES;
				SWIFT_OBJC_BRIDGING_HEADER = "ios_template/BridgingHeader.h";
				SWIFT_PRECOMPILE_BRIDGING_HEADER = NO;
				SWIFT_VERSION = 5.0;
				TARGETED_DEVICE_FAMILY = "1,2";
			};
			name = Release;
		};
		146EBBAC2A40CCCE00E4A2B3 /* Debug */ = {
			isa = XCBuildConfiguration;
			buildSettings = {
				ALWAYS_EMBED_SWIFT_STANDARD_LIBRARIES = YES;
				BUNDLE_LOADER = "$(TEST_HOST)";
				CODE_SIGN_STYLE = Automatic;
				CURRENT_PROJECT_VERSION = 1;
				DEVELOPMENT_TEAM = "";
				GENERATE_INFOPLIST_FILE = YES;
				IPHONEOS_DEPLOYMENT_TARGET = 16.4;
				MARKETING_VERSION = 1.0;
				PRODUCT_BUNDLE_IDENTIFIER = "com.pythonnative.ios-templateTests";
				PRODUCT_NAME = "$(TARGET_NAME)";
				SWIFT_EMIT_LOC_STRINGS = NO;
				SWIFT_VERSION = 5.0;
				TARGETED_DEVICE_FAMILY = "1,2";
				TEST_HOST = "$(BUILT_PRODUCTS_DIR)/ios_template.app/$(BUNDLE_EXECUTABLE_FOLDER_PATH)/ios_template";
			};
			name = Debug;
		};
		146EBBAD2A40CCCE00E4A2B3 /* Release */ = {
			isa = XCBuildConfiguration;
			buildSettings = {
				ALWAYS_EMBED_SWIFT_STANDARD_LIBRARIES = YES;
				BUNDLE_LOADER = "$(TEST_HOST)";
				CODE_SIGN_STYLE = Automatic;
				CURRENT_PROJECT_VERSION = 1;
				DEVELOPMENT_TEAM = "";
				GENERATE_INFOPLIST_FILE = YES;
				IPHONEOS_DEPLOYMENT_TARGET = 16.4;
				MARKETING_VERSION = 1.0;
				PRODUCT_BUNDLE_IDENTIFIER = "com.pythonnative.ios-templateTests";
				PRODUCT_NAME = "$(TARGET_NAME)";
				SWIFT_EMIT_LOC_STRINGS = NO;
				SWIFT_VERSION = 5.0;
				TARGETED_DEVICE_FAMILY = "1,2";
				TEST_HOST = "$(BUILT_PRODUCTS_DIR)/ios_template.app/$(BUNDLE_EXECUTABLE_FOLDER_PATH)/ios_template";
			};
			name = Release;
		};
		146EBBAF2A40CCCE00E4A2B3 /* Debug */ = {
			isa = XCBuildConfiguration;
			buildSettings = {
				ALWAYS_EMBED_SWIFT_STANDARD_LIBRARIES = YES;
				CODE_SIGN_STYLE = Automatic;
				CURRENT_PROJECT_VERSION = 1;
				DEVELOPMENT_TEAM = "";
				GENERATE_INFOPLIST_FILE = YES;
				MARKETING_VERSION = 1.0;
				PRODUCT_BUNDLE_IDENTIFIER = "com.pythonnative.ios-templateUITests";
				PRODUCT_NAME = "$(TARGET_NAME)";
				SWIFT_EMIT_LOC_STRINGS = NO;
				SWIFT_VERSION = 5.0;
				TARGETED_DEVICE_FAMILY = "1,2";
				TEST_TARGET_NAME = ios_template;
			};
			name = Debug;
		};
		146EBBB02A40CCCE00E4A2B3 /* Release */ = {
			isa = XCBuildConfiguration;
			buildSettings = {
				ALWAYS_EMBED_SWIFT_STANDARD_LIBRARIES = YES;
				CODE_SIGN_STYLE = Automatic;
				CURRENT_PROJECT_VERSION = 1;
				DEVELOPMENT_TEAM = "";
				GENERATE_INFOPLIST_FILE = YES;
				MARKETING_VERSION = 1.0;
				PRODUCT_BUNDLE_IDENTIFIER = "com.pythonnative.ios-templateUITests";
				PRODUCT_NAME = "$(TARGET_NAME)";
				SWIFT_EMIT_LOC_STRINGS = NO;
				SWIFT_VERSION = 5.0;
				TARGETED_DEVICE_FAMILY = "1,2";
				TEST_TARGET_NAME = ios_template;
			};
			name = Release;
		};
/* End XCBuildConfiguration section */

/* Begin XCConfigurationList section */
		146EBB792A40CCC900E4A2B3 /* Build configuration list for PBXProject "ios_template" */ = {
			isa = XCConfigurationList;
			buildConfigurations = (
				146EBBA62A40CCCE00E4A2B3 /* Debug */,
				146EBBA72A40CCCE00E4A2B3 /* Release */,
			);
			defaultConfigurationIsVisible = 0;
			defaultConfigurationName = Release;
		};
		146EBBA82A40CCCE00E4A2B3 /* Build configuration list for PBXNativeTarget "ios_template" */ = {
			isa = XCConfigurationList;
			buildConfigurations = (
				146EBBA92A40CCCE00E4A2B3 /* Debug */,
				146EBBAA2A40CCCE00E4A2B3 /* Release */,
			);
			defaultConfigurationIsVisible = 0;
			defaultConfigurationName = Release;
		};
		146EBBAB2A40CCCE00E4A2B3 /* Build configuration list for PBXNativeTarget "ios_templateTests" */ = {
			isa = XCConfigurationList;
			buildConfigurations = (
				146EBBAC2A40CCCE00E4A2B3 /* Debug */,
				146EBBAD2A40CCCE00E4A2B3 /* Release */,
			);
			defaultConfigurationIsVisible = 0;
			defaultConfigurationName = Release;
		};
		146EBBAE2A40CCCE00E4A2B3 /* Build configuration list for PBXNativeTarget "ios_templateUITests" */ = {
			isa = XCConfigurationList;
			buildConfigurations = (
				146EBBAF2A40CCCE00E4A2B3 /* Debug */,
				146EBBB02A40CCCE00E4A2B3 /* Release */,
			);
			defaultConfigurationIsVisible = 0;
			defaultConfigurationName = Release;
		};
/* End XCConfigurationList section */
	};
	rootObject = 146EBB762A40CCC900E4A2B3 /* Project object */;
}
